
Microsoft Visual Studio Solution File, Format Version 12.00
# Visual Studio Version 17
VisualStudioVersion = 17.13.35913.81
MinimumVisualStudioVersion = 10.0.40219.1
Project("{FAE04EC0-301F-11D3-BF4B-00C04F79EFBC}") = "OpenAppLab.Template.UI", "OpenAppLab\Template\OpenAppLab.Template.UI\OpenAppLab.Template.UI.csproj", "{10FBB3E3-9A1A-43E6-AF94-CD082B0867E9}"
EndProject
Project("{FAE04EC0-301F-11D3-BF4B-00C04F79EFBC}") = "OpenAppLab.Template.UI.Shared", "OpenAppLab\Template\OpenAppLab.Template.UI.Shared\OpenAppLab.Template.UI.Shared.csproj", "{8DD5A32E-6820-4CB0-878F-0127E40D9D7D}"
EndProject
Project("{FAE04EC0-301F-11D3-BF4B-00C04F79EFBC}") = "OpenAppLab.Template.UI.Web", "OpenAppLab\Template\OpenAppLab.Template.UI.Web\OpenAppLab.Template.UI.Web.csproj", "{991CDD7D-413C-43E3-A287-3B7C7F87B362}"
EndProject
Project("{FAE04EC0-301F-11D3-BF4B-00C04F79EFBC}") = "OpenAppLab.Template.UI.Web.Client", "OpenAppLab\Template\OpenAppLab.Template.UI.Web.Client\OpenAppLab.Template.UI.Web.Client.csproj", "{C9EA4997-133E-411E-9A2B-024FDEBF2AB1}"
EndProject
Project("{FAE04EC0-301F-11D3-BF4B-00C04F79EFBC}") = "OpenAppLab.Template.Server", "OpenAppLab\Template\OpenAppLab.Template.Server\OpenAppLab.Template.Server.csproj", "{113A544C-6756-4615-930F-6A9A538A6136}"
EndProject
Project("{FAE04EC0-301F-11D3-BF4B-00C04F79EFBC}") = "OpenAppLab.Core.Server", "OpenAppLab\Core\OpenAppLab.Core.Server\OpenAppLab.Core.Server.csproj", "{B71F9D81-E0C1-4B1C-BF04-994C8A827B5D}"
EndProject
Project("{FAE04EC0-301F-11D3-BF4B-00C04F79EFBC}") = "OpenAppLab.Mod.Posts.Server", "OpenAppLab\Mod\Posts\OpenAppLab.Mod.Posts.Server\OpenAppLab.Mod.Posts.Server.csproj", "{0D33E738-A87F-461B-A420-44B0A76736FB}"
EndProject
Project("{FAE04EC0-301F-11D3-BF4B-00C04F79EFBC}") = "OpenAppLab.Core.Mod.Server", "OpenAppLab\Core\Mod\OpenAppLab.Core.Mod.Server\OpenAppLab.Core.Mod.Server.csproj", "{A3BF9302-7277-4B19-9BA9-80022A8E2591}"
EndProject
Project("{FAE04EC0-301F-11D3-BF4B-00C04F79EFBC}") = "OpenAppLab.Core.UI", "OpenAppLab\Core\OpenAppLab.Core.UI\OpenAppLab.Core.UI.csproj", "{DADAE130-784E-4E71-BB8A-0E6091945013}"
EndProject
Project("{FAE04EC0-301F-11D3-BF4B-00C04F79EFBC}") = "OpenAppLab.Core.UI.Shared", "OpenAppLab\Core\OpenAppLab.Core.UI.Shared\OpenAppLab.Core.UI.Shared.csproj", "{762B4AD8-A0CB-459A-8640-3A6D7D6130FD}"
EndProject
Project("{FAE04EC0-301F-11D3-BF4B-00C04F79EFBC}") = "OpenAppLab.Mod.Posts.UI.Shared", "OpenAppLab\Mod\Posts\OpenAppLab.Mod.Posts.UI.Shared\OpenAppLab.Mod.Posts.UI.Shared.csproj", "{F0EAD8A4-9BF1-4201-B787-6C637571A688}"
EndProject
Global
	GlobalSection(SolutionConfigurationPlatforms) = preSolution
		Debug|Any CPU = Debug|Any CPU
		Release|Any CPU = Release|Any CPU
	EndGlobalSection
	GlobalSection(ProjectConfigurationPlatforms) = postSolution
		{10FBB3E3-9A1A-43E6-AF94-CD082B0867E9}.Debug|Any CPU.ActiveCfg = Debug|Any CPU
		{10FBB3E3-9A1A-43E6-AF94-CD082B0867E9}.Debug|Any CPU.Build.0 = Debug|Any CPU
		{10FBB3E3-9A1A-43E6-AF94-CD082B0867E9}.Release|Any CPU.ActiveCfg = Release|Any CPU
		{10FBB3E3-9A1A-43E6-AF94-CD082B0867E9}.Release|Any CPU.Build.0 = Release|Any CPU
		{8DD5A32E-6820-4CB0-878F-0127E40D9D7D}.Debug|Any CPU.ActiveCfg = Debug|Any CPU
		{8DD5A32E-6820-4CB0-878F-0127E40D9D7D}.Debug|Any CPU.Build.0 = Debug|Any CPU
		{8DD5A32E-6820-4CB0-878F-0127E40D9D7D}.Release|Any CPU.ActiveCfg = Release|Any CPU
		{8DD5A32E-6820-4CB0-878F-0127E40D9D7D}.Release|Any CPU.Build.0 = Release|Any CPU
		{991CDD7D-413C-43E3-A287-3B7C7F87B362}.Debug|Any CPU.ActiveCfg = Debug|Any CPU
		{991CDD7D-413C-43E3-A287-3B7C7F87B362}.Debug|Any CPU.Build.0 = Debug|Any CPU
		{991CDD7D-413C-43E3-A287-3B7C7F87B362}.Release|Any CPU.ActiveCfg = Release|Any CPU
		{991CDD7D-413C-43E3-A287-3B7C7F87B362}.Release|Any CPU.Build.0 = Release|Any CPU
		{C9EA4997-133E-411E-9A2B-024FDEBF2AB1}.Debug|Any CPU.ActiveCfg = Debug|Any CPU
		{C9EA4997-133E-411E-9A2B-024FDEBF2AB1}.Debug|Any CPU.Build.0 = Debug|Any CPU
		{C9EA4997-133E-411E-9A2B-024FDEBF2AB1}.Release|Any CPU.ActiveCfg = Release|Any CPU
		{C9EA4997-133E-411E-9A2B-024FDEBF2AB1}.Release|Any CPU.Build.0 = Release|Any CPU
		{113A544C-6756-4615-930F-6A9A538A6136}.Debug|Any CPU.ActiveCfg = Debug|Any CPU
		{113A544C-6756-4615-930F-6A9A538A6136}.Debug|Any CPU.Build.0 = Debug|Any CPU
		{113A544C-6756-4615-930F-6A9A538A6136}.Release|Any CPU.ActiveCfg = Release|Any CPU
		{113A544C-6756-4615-930F-6A9A538A6136}.Release|Any CPU.Build.0 = Release|Any CPU
		{B71F9D81-E0C1-4B1C-BF04-994C8A827B5D}.Debug|Any CPU.ActiveCfg = Debug|Any CPU
		{B71F9D81-E0C1-4B1C-BF04-994C8A827B5D}.Debug|Any CPU.Build.0 = Debug|Any CPU
		{B71F9D81-E0C1-4B1C-BF04-994C8A827B5D}.Release|Any CPU.ActiveCfg = Release|Any CPU
		{B71F9D81-E0C1-4B1C-BF04-994C8A827B5D}.Release|Any CPU.Build.0 = Release|Any CPU
		{0D33E738-A87F-461B-A420-44B0A76736FB}.Debug|Any CPU.ActiveCfg = Debug|Any CPU
		{0D33E738-A87F-461B-A420-44B0A76736FB}.Debug|Any CPU.Build.0 = Debug|Any CPU
		{0D33E738-A87F-461B-A420-44B0A76736FB}.Release|Any CPU.ActiveCfg = Release|Any CPU
		{0D33E738-A87F-461B-A420-44B0A76736FB}.Release|Any CPU.Build.0 = Release|Any CPU
		{A3BF9302-7277-4B19-9BA9-80022A8E2591}.Debug|Any CPU.ActiveCfg = Debug|Any CPU
		{A3BF9302-7277-4B19-9BA9-80022A8E2591}.Debug|Any CPU.Build.0 = Debug|Any CPU
		{A3BF9302-7277-4B19-9BA9-80022A8E2591}.Release|Any CPU.ActiveCfg = Release|Any CPU
		{A3BF9302-7277-4B19-9BA9-80022A8E2591}.Release|Any CPU.Build.0 = Release|Any CPU
		{DADAE130-784E-4E71-BB8A-0E6091945013}.Debug|Any CPU.ActiveCfg = Debug|Any CPU
		{DADAE130-784E-4E71-BB8A-0E6091945013}.Debug|Any CPU.Build.0 = Debug|Any CPU
		{DADAE130-784E-4E71-BB8A-0E6091945013}.Release|Any CPU.ActiveCfg = Release|Any CPU
		{DADAE130-784E-4E71-BB8A-0E6091945013}.Release|Any CPU.Build.0 = Release|Any CPU
		{762B4AD8-A0CB-459A-8640-3A6D7D6130FD}.Debug|Any CPU.ActiveCfg = Debug|Any CPU
		{762B4AD8-A0CB-459A-8640-3A6D7D6130FD}.Debug|Any CPU.Build.0 = Debug|Any CPU
		{762B4AD8-A0CB-459A-8640-3A6D7D6130FD}.Release|Any CPU.ActiveCfg = Release|Any CPU
		{762B4AD8-A0CB-459A-8640-3A6D7D6130FD}.Release|Any CPU.Build.0 = Release|Any CPU
		{F0EAD8A4-9BF1-4201-B787-6C637571A688}.Debug|Any CPU.ActiveCfg = Debug|Any CPU
		{F0EAD8A4-9BF1-4201-B787-6C637571A688}.Debug|Any CPU.Build.0 = Debug|Any CPU
		{F0EAD8A4-9BF1-4201-B787-6C637571A688}.Release|Any CPU.ActiveCfg = Release|Any CPU
		{F0EAD8A4-9BF1-4201-B787-6C637571A688}.Release|Any CPU.Build.0 = Release|Any CPU
	EndGlobalSection
	GlobalSection(SolutionProperties) = preSolution
		HideSolutionNode = FALSE
	EndGlobalSection
	GlobalSection(ExtensibilityGlobals) = postSolution
		SolutionGuid = {A0A5DCFF-3A55-4DE0-A8AE-426CB06C238B}
	EndGlobalSection
EndGlobal
